
Microsoft Visual Studio Solution File, Format Version 12.00
# Visual Studio Version 17
VisualStudioVersion = 17.5.002.0
MinimumVisualStudioVersion = 10.0.40219.1
Project("{2150E333-8FDC-42A3-9474-1A3956D46DE8}") = "labs", "labs", "{8E6655F6-1998-46D8-9C87-7FCD3DA96199}"
EndProject
Project("{9A19103F-16F7-4668-BE54-9A1E7A4F7556}") = "Lab2", "labs\lab2\Lab2.csproj", "{9A0568FE-7BF2-4D64-A3F5-C013BC26648F}"
EndProject
Global
	GlobalSection(SolutionConfigurationPlatforms) = preSolution
		Debug|Any CPU = Debug|Any CPU
		Release|Any CPU = Release|Any CPU
	EndGlobalSection
	GlobalSection(ProjectConfigurationPlatforms) = postSolution
		{9A0568FE-7BF2-4D64-A3F5-C013BC26648F}.Debug|Any CPU.ActiveCfg = Debug|Any CPU
		{9A0568FE-7BF2-4D64-A3F5-C013BC26648F}.Debug|Any CPU.Build.0 = Debug|Any CPU
		{9A0568FE-7BF2-4D64-A3F5-C013BC26648F}.Release|Any CPU.ActiveCfg = Release|Any CPU
		{9A0568FE-7BF2-4D64-A3F5-C013BC26648F}.Release|Any CPU.Build.0 = Release|Any CPU
	EndGlobalSection
	GlobalSection(SolutionProperties) = preSolution
		HideSolutionNode = FALSE
	EndGlobalSection
	GlobalSection(NestedProjects) = preSolution
		{9A0568FE-7BF2-4D64-A3F5-C013BC26648F} = {8E6655F6-1998-46D8-9C87-7FCD3DA96199}
	EndGlobalSection
	GlobalSection(ExtensibilityGlobals) = postSolution
		SolutionGuid = {632CA3B0-AC25-4E91-BFD0-321C8ECFC1D8}
	EndGlobalSection
EndGlobal
